// !$*UTF8*$!
{
	archiveVersion = 1;
	classes = {
	};
	objectVersion = 50;
	objects = {

/* Begin PBXBuildFile section */
		C7A88136C8A9D1BDAC03DEA1 /* Pods_Pomodoro.framework in Frameworks */ = {isa = PBXBuildFile; fileRef = B05DFAE193F14F7CBF18248F /* Pods_Pomodoro.framework */; };
		F0403BEF20E5489100671ED4 /* AppDelegate.swift in Sources */ = {isa = PBXBuildFile; fileRef = F0403BEE20E5489100671ED4 /* AppDelegate.swift */; };
		F0403BF120E5489100671ED4 /* ViewController.swift in Sources */ = {isa = PBXBuildFile; fileRef = F0403BF020E5489100671ED4 /* ViewController.swift */; };
		F0403BF420E5489100671ED4 /* Main.storyboard in Resources */ = {isa = PBXBuildFile; fileRef = F0403BF220E5489100671ED4 /* Main.storyboard */; };
		F0403BF620E5489200671ED4 /* Assets.xcassets in Resources */ = {isa = PBXBuildFile; fileRef = F0403BF520E5489200671ED4 /* Assets.xcassets */; };
		F0403BF920E5489200671ED4 /* LaunchScreen.storyboard in Resources */ = {isa = PBXBuildFile; fileRef = F0403BF720E5489200671ED4 /* LaunchScreen.storyboard */; };
		F0403C0120E54BCF00671ED4 /* GroupListViewContoller.swift in Sources */ = {isa = PBXBuildFile; fileRef = F0403C0020E54BCF00671ED4 /* GroupListViewContoller.swift */; };
		F0FB161620E6376D00F58475 /* FloatyWindow.swift in Sources */ = {isa = PBXBuildFile; fileRef = F0FB161020E6376C00F58475 /* FloatyWindow.swift */; };
		F0FB161720E6376D00F58475 /* FloatyManager.swift in Sources */ = {isa = PBXBuildFile; fileRef = F0FB161120E6376C00F58475 /* FloatyManager.swift */; };
		F0FB161820E6376D00F58475 /* FloatyItem.swift in Sources */ = {isa = PBXBuildFile; fileRef = F0FB161220E6376C00F58475 /* FloatyItem.swift */; };
		F0FB161920E6376D00F58475 /* FloatyViewController.swift in Sources */ = {isa = PBXBuildFile; fileRef = F0FB161320E6376C00F58475 /* FloatyViewController.swift */; };
		F0FB161A20E6376D00F58475 /* Floaty.swift in Sources */ = {isa = PBXBuildFile; fileRef = F0FB161420E6376C00F58475 /* Floaty.swift */; };
		F0FB161B20E6376D00F58475 /* FloatyDelegate.swift in Sources */ = {isa = PBXBuildFile; fileRef = F0FB161520E6376C00F58475 /* FloatyDelegate.swift */; };
/* End PBXBuildFile section */

/* Begin PBXFileReference section */
		B05DFAE193F14F7CBF18248F /* Pods_Pomodoro.framework */ = {isa = PBXFileReference; explicitFileType = wrapper.framework; includeInIndex = 0; path = Pods_Pomodoro.framework; sourceTree = BUILT_PRODUCTS_DIR; };
		C8A954837E6F6244C48822EF /* Pods-Pomodoro.debug.xcconfig */ = {isa = PBXFileReference; includeInIndex = 1; lastKnownFileType = text.xcconfig; name = "Pods-Pomodoro.debug.xcconfig"; path = "Pods/Target Support Files/Pods-Pomodoro/Pods-Pomodoro.debug.xcconfig"; sourceTree = "<group>"; };
		F0403BEB20E5489100671ED4 /* Pomodoro.app */ = {isa = PBXFileReference; explicitFileType = wrapper.application; includeInIndex = 0; path = Pomodoro.app; sourceTree = BUILT_PRODUCTS_DIR; };
		F0403BEE20E5489100671ED4 /* AppDelegate.swift */ = {isa = PBXFileReference; lastKnownFileType = sourcecode.swift; path = AppDelegate.swift; sourceTree = "<group>"; };
		F0403BF020E5489100671ED4 /* ViewController.swift */ = {isa = PBXFileReference; lastKnownFileType = sourcecode.swift; path = ViewController.swift; sourceTree = "<group>"; };
		F0403BF320E5489100671ED4 /* Base */ = {isa = PBXFileReference; lastKnownFileType = file.storyboard; name = Base; path = Base.lproj/Main.storyboard; sourceTree = "<group>"; };
		F0403BF520E5489200671ED4 /* Assets.xcassets */ = {isa = PBXFileReference; lastKnownFileType = folder.assetcatalog; path = Assets.xcassets; sourceTree = "<group>"; };
		F0403BF820E5489200671ED4 /* Base */ = {isa = PBXFileReference; lastKnownFileType = file.storyboard; name = Base; path = Base.lproj/LaunchScreen.storyboard; sourceTree = "<group>"; };
		F0403BFA20E5489200671ED4 /* Info.plist */ = {isa = PBXFileReference; lastKnownFileType = text.plist.xml; path = Info.plist; sourceTree = "<group>"; };
		F0403C0020E54BCF00671ED4 /* GroupListViewContoller.swift */ = {isa = PBXFileReference; lastKnownFileType = sourcecode.swift; path = GroupListViewContoller.swift; sourceTree = "<group>"; };
		F0FB160F20E6376C00F58475 /* Floaty.h */ = {isa = PBXFileReference; fileEncoding = 4; lastKnownFileType = sourcecode.c.h; path = Floaty.h; sourceTree = "<group>"; };
		F0FB161020E6376C00F58475 /* FloatyWindow.swift */ = {isa = PBXFileReference; fileEncoding = 4; lastKnownFileType = sourcecode.swift; path = FloatyWindow.swift; sourceTree = "<group>"; };
		F0FB161120E6376C00F58475 /* FloatyManager.swift */ = {isa = PBXFileReference; fileEncoding = 4; lastKnownFileType = sourcecode.swift; path = FloatyManager.swift; sourceTree = "<group>"; };
		F0FB161220E6376C00F58475 /* FloatyItem.swift */ = {isa = PBXFileReference; fileEncoding = 4; lastKnownFileType = sourcecode.swift; path = FloatyItem.swift; sourceTree = "<group>"; };
		F0FB161320E6376C00F58475 /* FloatyViewController.swift */ = {isa = PBXFileReference; fileEncoding = 4; lastKnownFileType = sourcecode.swift; path = FloatyViewController.swift; sourceTree = "<group>"; };
		F0FB161420E6376C00F58475 /* Floaty.swift */ = {isa = PBXFileReference; fileEncoding = 4; lastKnownFileType = sourcecode.swift; path = Floaty.swift; sourceTree = "<group>"; };
		F0FB161520E6376C00F58475 /* FloatyDelegate.swift */ = {isa = PBXFileReference; fileEncoding = 4; lastKnownFileType = sourcecode.swift; path = FloatyDelegate.swift; sourceTree = "<group>"; };
		FB3D8BD5F5EB1EE39B448612 /* Pods-Pomodoro.release.xcconfig */ = {isa = PBXFileReference; includeInIndex = 1; lastKnownFileType = text.xcconfig; name = "Pods-Pomodoro.release.xcconfig"; path = "Pods/Target Support Files/Pods-Pomodoro/Pods-Pomodoro.release.xcconfig"; sourceTree = "<group>"; };
/* End PBXFileReference section */

/* Begin PBXFrameworksBuildPhase section */
		F0403BE820E5489100671ED4 /* Frameworks */ = {
			isa = PBXFrameworksBuildPhase;
			buildActionMask = 2147483647;
			files = (
				C7A88136C8A9D1BDAC03DEA1 /* Pods_Pomodoro.framework in Frameworks */,
			);
			runOnlyForDeploymentPostprocessing = 0;
		};
/* End PBXFrameworksBuildPhase section */

/* Begin PBXGroup section */
		4BC7EEE4611DE7DC5A2226FF /* Pods */ = {
			isa = PBXGroup;
			children = (
				C8A954837E6F6244C48822EF /* Pods-Pomodoro.debug.xcconfig */,
				FB3D8BD5F5EB1EE39B448612 /* Pods-Pomodoro.release.xcconfig */,
			);
			name = Pods;
			sourceTree = "<group>";
		};
		8CFF2CF101548A11A5E2ED91 /* Frameworks */ = {
			isa = PBXGroup;
			children = (
				B05DFAE193F14F7CBF18248F /* Pods_Pomodoro.framework */,
			);
			name = Frameworks;
			sourceTree = "<group>";
		};
		F0403BE220E5489100671ED4 = {
			isa = PBXGroup;
			children = (
				F0403BED20E5489100671ED4 /* Pomodoro */,
				F0403BEC20E5489100671ED4 /* Products */,
				4BC7EEE4611DE7DC5A2226FF /* Pods */,
				8CFF2CF101548A11A5E2ED91 /* Frameworks */,
			);
			sourceTree = "<group>";
		};
		F0403BEC20E5489100671ED4 /* Products */ = {
			isa = PBXGroup;
			children = (
				F0403BEB20E5489100671ED4 /* Pomodoro.app */,
			);
			name = Products;
			sourceTree = "<group>";
		};
		F0403BED20E5489100671ED4 /* Pomodoro */ = {
			isa = PBXGroup;
			children = (
				F0FB160E20E6376C00F58475 /* FAB */,
				F0403BEE20E5489100671ED4 /* AppDelegate.swift */,
				F0403BF020E5489100671ED4 /* ViewController.swift */,
				F0403C0020E54BCF00671ED4 /* GroupListViewContoller.swift */,
				F0403BF220E5489100671ED4 /* Main.storyboard */,
				F0403BF520E5489200671ED4 /* Assets.xcassets */,
				F0403BF720E5489200671ED4 /* LaunchScreen.storyboard */,
				F0403BFA20E5489200671ED4 /* Info.plist */,
			);
			path = Pomodoro;
			sourceTree = "<group>";
		};
		F0FB160E20E6376C00F58475 /* FAB */ = {
			isa = PBXGroup;
			children = (
				F0FB160F20E6376C00F58475 /* Floaty.h */,
				F0FB161020E6376C00F58475 /* FloatyWindow.swift */,
				F0FB161120E6376C00F58475 /* FloatyManager.swift */,
				F0FB161220E6376C00F58475 /* FloatyItem.swift */,
				F0FB161320E6376C00F58475 /* FloatyViewController.swift */,
				F0FB161420E6376C00F58475 /* Floaty.swift */,
				F0FB161520E6376C00F58475 /* FloatyDelegate.swift */,
			);
			path = FAB;
			sourceTree = "<group>";
		};
/* End PBXGroup section */

/* Begin PBXNativeTarget section */
		F0403BEA20E5489100671ED4 /* Pomodoro */ = {
			isa = PBXNativeTarget;
			buildConfigurationList = F0403BFD20E5489200671ED4 /* Build configuration list for PBXNativeTarget "Pomodoro" */;
			buildPhases = (
				5D6F5867E3537D0D5742B356 /* [CP] Check Pods Manifest.lock */,
				F0403BE720E5489100671ED4 /* Sources */,
				F0403BE820E5489100671ED4 /* Frameworks */,
				F0403BE920E5489100671ED4 /* Resources */,
				C80D225DD5DDB3E2347A8A64 /* [CP] Embed Pods Frameworks */,
			);
			buildRules = (
			);
			dependencies = (
			);
			name = Pomodoro;
			productName = Pomodoro;
			productReference = F0403BEB20E5489100671ED4 /* Pomodoro.app */;
			productType = "com.apple.product-type.application";
		};
/* End PBXNativeTarget section */

/* Begin PBXProject section */
		F0403BE320E5489100671ED4 /* Project object */ = {
			isa = PBXProject;
			attributes = {
				LastSwiftUpdateCheck = 0940;
				LastUpgradeCheck = 0940;
				ORGANIZATIONNAME = Jin;
				TargetAttributes = {
					F0403BEA20E5489100671ED4 = {
						CreatedOnToolsVersion = 9.4.1;
					};
				};
			};
			buildConfigurationList = F0403BE620E5489100671ED4 /* Build configuration list for PBXProject "Pomodoro" */;
			compatibilityVersion = "Xcode 9.3";
			developmentRegion = en;
			hasScannedForEncodings = 0;
			knownRegions = (
				en,
				Base,
			);
			mainGroup = F0403BE220E5489100671ED4;
			productRefGroup = F0403BEC20E5489100671ED4 /* Products */;
			projectDirPath = "";
			projectRoot = "";
			targets = (
				F0403BEA20E5489100671ED4 /* Pomodoro */,
			);
		};
/* End PBXProject section */

/* Begin PBXResourcesBuildPhase section */
		F0403BE920E5489100671ED4 /* Resources */ = {
			isa = PBXResourcesBuildPhase;
			buildActionMask = 2147483647;
			files = (
				F0403BF920E5489200671ED4 /* LaunchScreen.storyboard in Resources */,
				F0403BF620E5489200671ED4 /* Assets.xcassets in Resources */,
				F0403BF420E5489100671ED4 /* Main.storyboard in Resources */,
			);
			runOnlyForDeploymentPostprocessing = 0;
		};
/* End PBXResourcesBuildPhase section */

/* Begin PBXShellScriptBuildPhase section */
		5D6F5867E3537D0D5742B356 /* [CP] Check Pods Manifest.lock */ = {
			isa = PBXShellScriptBuildPhase;
			buildActionMask = 2147483647;
			files = (
			);
			inputPaths = (
				"${PODS_PODFILE_DIR_PATH}/Podfile.lock",
				"${PODS_ROOT}/Manifest.lock",
			);
			name = "[CP] Check Pods Manifest.lock";
			outputPaths = (
				"$(DERIVED_FILE_DIR)/Pods-Pomodoro-checkManifestLockResult.txt",
			);
			runOnlyForDeploymentPostprocessing = 0;
			shellPath = /bin/sh;
			shellScript = "diff \"${PODS_PODFILE_DIR_PATH}/Podfile.lock\" \"${PODS_ROOT}/Manifest.lock\" > /dev/null\nif [ $? != 0 ] ; then\n    # print error to STDERR\n    echo \"error: The sandbox is not in sync with the Podfile.lock. Run 'pod install' or update your CocoaPods installation.\" >&2\n    exit 1\nfi\n# This output is used by Xcode 'outputs' to avoid re-running this script phase.\necho \"SUCCESS\" > \"${SCRIPT_OUTPUT_FILE_0}\"\n";
			showEnvVarsInLog = 0;
		};
		C80D225DD5DDB3E2347A8A64 /* [CP] Embed Pods Frameworks */ = {
			isa = PBXShellScriptBuildPhase;
			buildActionMask = 2147483647;
			files = (
			);
			inputPaths = (
				"${SRCROOT}/Pods/Target Support Files/Pods-Pomodoro/Pods-Pomodoro-frameworks.sh",
				"${BUILT_PRODUCTS_DIR}/SwiftyJSON/SwiftyJSON.framework",
			);
			name = "[CP] Embed Pods Frameworks";
			outputPaths = (
				"${TARGET_BUILD_DIR}/${FRAMEWORKS_FOLDER_PATH}/SwiftyJSON.framework",
			);
			runOnlyForDeploymentPostprocessing = 0;
			shellPath = /bin/sh;
			shellScript = "\"${SRCROOT}/Pods/Target Support Files/Pods-Pomodoro/Pods-Pomodoro-frameworks.sh\"\n";
			showEnvVarsInLog = 0;
		};
/* End PBXShellScriptBuildPhase section */

/* Begin PBXSourcesBuildPhase section */
		F0403BE720E5489100671ED4 /* Sources */ = {
			isa = PBXSourcesBuildPhase;
			buildActionMask = 2147483647;
			files = (
				F0FB161720E6376D00F58475 /* FloatyManager.swift in Sources */,
				F0FB161620E6376D00F58475 /* FloatyWindow.swift in Sources */,
				F0403C0120E54BCF00671ED4 /* GroupListViewContoller.swift in Sources */,
				F0403BF120E5489100671ED4 /* ViewController.swift in Sources */,
				F0403BEF20E5489100671ED4 /* AppDelegate.swift in Sources */,
				F0FB161B20E6376D00F58475 /* FloatyDelegate.swift in Sources */,
				F0FB161820E6376D00F58475 /* FloatyItem.swift in Sources */,
				F0FB161A20E6376D00F58475 /* Floaty.swift in Sources */,
				F0FB161920E6376D00F58475 /* FloatyViewController.swift in Sources */,
			);
			runOnlyForDeploymentPostprocessing = 0;
		};
/* End PBXSourcesBuildPhase section */

/* Begin PBXVariantGroup section */
		F0403BF220E5489100671ED4 /* Main.storyboard */ = {
			isa = PBXVariantGroup;
			children = (
				F0403BF320E5489100671ED4 /* Base */,
			);
			name = Main.storyboard;
			sourceTree = "<group>";
		};
		F0403BF720E5489200671ED4 /* LaunchScreen.storyboard */ = {
			isa = PBXVariantGroup;
			children = (
				F0403BF820E5489200671ED4 /* Base */,
			);
			name = LaunchScreen.storyboard;
			sourceTree = "<group>";
		};
/* End PBXVariantGroup section */

/* Begin XCBuildConfiguration section */
		F0403BFB20E5489200671ED4 /* Debug */ = {
			isa = XCBuildConfiguration;
			buildSettings = {
				ALWAYS_SEARCH_USER_PATHS = NO;
				CLANG_ANALYZER_NONNULL = YES;
				CLANG_ANALYZER_NUMBER_OBJECT_CONVERSION = YES_AGGRESSIVE;
				CLANG_CXX_LANGUAGE_STANDARD = "gnu++14";
				CLANG_CXX_LIBRARY = "libc++";
				CLANG_ENABLE_MODULES = YES;
				CLANG_ENABLE_OBJC_ARC = YES;
				CLANG_ENABLE_OBJC_WEAK = YES;
				CLANG_WARN_BLOCK_CAPTURE_AUTORELEASING = YES;
				CLANG_WARN_BOOL_CONVERSION = YES;
				CLANG_WARN_COMMA = YES;
				CLANG_WARN_CONSTANT_CONVERSION = YES;
				CLANG_WARN_DEPRECATED_OBJC_IMPLEMENTATIONS = YES;
				CLANG_WARN_DIRECT_OBJC_ISA_USAGE = YES_ERROR;
				CLANG_WARN_DOCUMENTATION_COMMENTS = YES;
				CLANG_WARN_EMPTY_BODY = YES;
				CLANG_WARN_ENUM_CONVERSION = YES;
				CLANG_WARN_INFINITE_RECURSION = YES;
				CLANG_WARN_INT_CONVERSION = YES;
				CLANG_WARN_NON_LITERAL_NULL_CONVERSION = YES;
				CLANG_WARN_OBJC_IMPLICIT_RETAIN_SELF = YES;
				CLANG_WARN_OBJC_LITERAL_CONVERSION = YES;
				CLANG_WARN_OBJC_ROOT_CLASS = YES_ERROR;
				CLANG_WARN_RANGE_LOOP_ANALYSIS = YES;
				CLANG_WARN_STRICT_PROTOTYPES = YES;
				CLANG_WARN_SUSPICIOUS_MOVE = YES;
				CLANG_WARN_UNGUARDED_AVAILABILITY = YES_AGGRESSIVE;
				CLANG_WARN_UNREACHABLE_CODE = YES;
				CLANG_WARN__DUPLICATE_METHOD_MATCH = YES;
				CODE_SIGN_IDENTITY = "iPhone Developer";
				COPY_PHASE_STRIP = NO;
				DEBUG_INFORMATION_FORMAT = dwarf;
				ENABLE_STRICT_OBJC_MSGSEND = YES;
				ENABLE_TESTABILITY = YES;
				GCC_C_LANGUAGE_STANDARD = gnu11;
				GCC_DYNAMIC_NO_PIC = NO;
				GCC_NO_COMMON_BLOCKS = YES;
				GCC_OPTIMIZATION_LEVEL = 0;
				GCC_PREPROCESSOR_DEFINITIONS = (
					"DEBUG=1",
					"$(inherited)",
				);
				GCC_WARN_64_TO_32_BIT_CONVERSION = YES;
				GCC_WARN_ABOUT_RETURN_TYPE = YES_ERROR;
				GCC_WARN_UNDECLARED_SELECTOR = YES;
				GCC_WARN_UNINITIALIZED_AUTOS = YES_AGGRESSIVE;
				GCC_WARN_UNUSED_FUNCTION = YES;
				GCC_WARN_UNUSED_VARIABLE = YES;
				IPHONEOS_DEPLOYMENT_TARGET = 11.4;
				MTL_ENABLE_DEBUG_INFO = YES;
				ONLY_ACTIVE_ARCH = YES;
				SDKROOT = iphoneos;
				SWIFT_ACTIVE_COMPILATION_CONDITIONS = DEBUG;
				SWIFT_OPTIMIZATION_LEVEL = "-Onone";
			};
			name = Debug;
		};
		F0403BFC20E5489200671ED4 /* Release */ = {
			isa = XCBuildConfiguration;
			buildSettings = {
				ALWAYS_SEARCH_USER_PATHS = NO;
				CLANG_ANALYZER_NONNULL = YES;
				CLANG_ANALYZER_NUMBER_OBJECT_CONVERSION = YES_AGGRESSIVE;
				CLANG_CXX_LANGUAGE_STANDARD = "gnu++14";
				CLANG_CXX_LIBRARY = "libc++";
				CLANG_ENABLE_MODULES = YES;
				CLANG_ENABLE_OBJC_ARC = YES;
				CLANG_ENABLE_OBJC_WEAK = YES;
				CLANG_WARN_BLOCK_CAPTURE_AUTORELEASING = YES;
				CLANG_WARN_BOOL_CONVERSION = YES;
				CLANG_WARN_COMMA = YES;
				CLANG_WARN_CONSTANT_CONVERSION = YES;
				CLANG_WARN_DEPRECATED_OBJC_IMPLEMENTATIONS = YES;
				CLANG_WARN_DIRECT_OBJC_ISA_USAGE = YES_ERROR;
				CLANG_WARN_DOCUMENTATION_COMMENTS = YES;
				CLANG_WARN_EMPTY_BODY = YES;
				CLANG_WARN_ENUM_CONVERSION = YES;
				CLANG_WARN_INFINITE_RECURSION = YES;
				CLANG_WARN_INT_CONVERSION = YES;
				CLANG_WARN_NON_LITERAL_NULL_CONVERSION = YES;
				CLANG_WARN_OBJC_IMPLICIT_RETAIN_SELF = YES;
				CLANG_WARN_OBJC_LITERAL_CONVERSION = YES;
				CLANG_WARN_OBJC_ROOT_CLASS = YES_ERROR;
				CLANG_WARN_RANGE_LOOP_ANALYSIS = YES;
				CLANG_WARN_STRICT_PROTOTYPES = YES;
				CLANG_WARN_SUSPICIOUS_MOVE = YES;
				CLANG_WARN_UNGUARDED_AVAILABILITY = YES_AGGRESSIVE;
				CLANG_WARN_UNREACHABLE_CODE = YES;
				CLANG_WARN__DUPLICATE_METHOD_MATCH = YES;
				CODE_SIGN_IDENTITY = "iPhone Developer";
				COPY_PHASE_STRIP = NO;
				DEBUG_INFORMATION_FORMAT = "dwarf-with-dsym";
				ENABLE_NS_ASSERTIONS = NO;
				ENABLE_STRICT_OBJC_MSGSEND = YES;
				GCC_C_LANGUAGE_STANDARD = gnu11;
				GCC_NO_COMMON_BLOCKS = YES;
				GCC_WARN_64_TO_32_BIT_CONVERSION = YES;
				GCC_WARN_ABOUT_RETURN_TYPE = YES_ERROR;
				GCC_WARN_UNDECLARED_SELECTOR = YES;
				GCC_WARN_UNINITIALIZED_AUTOS = YES_AGGRESSIVE;
				GCC_WARN_UNUSED_FUNCTION = YES;
				GCC_WARN_UNUSED_VARIABLE = YES;
				IPHONEOS_DEPLOYMENT_TARGET = 11.4;
				MTL_ENABLE_DEBUG_INFO = NO;
				SDKROOT = iphoneos;
				SWIFT_COMPILATION_MODE = wholemodule;
				SWIFT_OPTIMIZATION_LEVEL = "-O";
				VALIDATE_PRODUCT = YES;
			};
			name = Release;
		};
		F0403BFE20E5489200671ED4 /* Debug */ = {
			isa = XCBuildConfiguration;
			baseConfigurationReference = C8A954837E6F6244C48822EF /* Pods-Pomodoro.debug.xcconfig */;
			buildSettings = {
				ASSETCATALOG_COMPILER_APPICON_NAME = AppIcon;
				CODE_SIGN_STYLE = Automatic;
				DEVELOPMENT_TEAM = 5YUJHZYARS;
				INFOPLIST_FILE = Pomodoro/Info.plist;
				LD_RUNPATH_SEARCH_PATHS = (
					"$(inherited)",
					"@executable_path/Frameworks",
				);
				PRODUCT_BUNDLE_IDENTIFIER = Jin.Pomodoro;
				PRODUCT_NAME = "$(TARGET_NAME)";
				SWIFT_VERSION = 4.0;
				TARGETED_DEVICE_FAMILY = "1,2";
			};
			name = Debug;
		};
		F0403BFF20E5489200671ED4 /* Release */ = {
			isa = XCBuildConfiguration;
			baseConfigurationReference = FB3D8BD5F5EB1EE39B448612 /* Pods-Pomodoro.release.xcconfig */;
			buildSettings = {
				ASSETCATALOG_COMPILER_APPICON_NAME = AppIcon;
				CODE_SIGN_STYLE = Automatic;
				DEVELOPMENT_TEAM = 5YUJHZYARS;
				INFOPLIST_FILE = Pomodoro/Info.plist;
				LD_RUNPATH_SEARCH_PATHS = (
					"$(inherited)",
					"@executable_path/Frameworks",
				);
				PRODUCT_BUNDLE_IDENTIFIER = Jin.Pomodoro;
				PRODUCT_NAME = "$(TARGET_NAME)";
				SWIFT_VERSION = 4.0;
				TARGETED_DEVICE_FAMILY = "1,2";
			};
			name = Release;
		};
/* End XCBuildConfiguration section */

/* Begin XCConfigurationList section */
		F0403BE620E5489100671ED4 /* Build configuration list for PBXProject "Pomodoro" */ = {
			isa = XCConfigurationList;
			buildConfigurations = (
				F0403BFB20E5489200671ED4 /* Debug */,
				F0403BFC20E5489200671ED4 /* Release */,
			);
			defaultConfigurationIsVisible = 0;
			defaultConfigurationName = Release;
		};
		F0403BFD20E5489200671ED4 /* Build configuration list for PBXNativeTarget "Pomodoro" */ = {
			isa = XCConfigurationList;
			buildConfigurations = (
				F0403BFE20E5489200671ED4 /* Debug */,
				F0403BFF20E5489200671ED4 /* Release */,
			);
			defaultConfigurationIsVisible = 0;
			defaultConfigurationName = Release;
		};
/* End XCConfigurationList section */
	};
	rootObject = F0403BE320E5489100671ED4 /* Project object */;
}
